
Microsoft Visual Studio Solution File, Format Version 12.00
# Visual Studio Express 2013 for Windows Desktop
VisualStudioVersion = 12.0.31101.0
MinimumVisualStudioVersion = 10.0.40219.1
Project("{8BC9CEB8-8B4A-11D0-8D11-00A0C91BC942}") = "Final_exam", "Final_exam.vcxproj", "{5D386A23-1A72-4392-A7A4-C34D16A91437}"
EndProject
Project("{8BC9CEB8-8B4A-11D0-8D11-00A0C91BC942}") = "UnitTest1_finalExam", "UnitTest1_finalExam\UnitTest1_finalExam.vcxproj", "{486D4170-7528-4A45-A62B-76750A38FB44}"
EndProject
Global
	GlobalSection(SolutionConfigurationPlatforms) = preSolution
		Debug|Win32 = Debug|Win32
		Release|Win32 = Release|Win32
	EndGlobalSection
	GlobalSection(ProjectConfigurationPlatforms) = postSolution
		{5D386A23-1A72-4392-A7A4-C34D16A91437}.Debug|Win32.ActiveCfg = Debug|Win32
		{5D386A23-1A72-4392-A7A4-C34D16A91437}.Debug|Win32.Build.0 = Debug|Win32
		{5D386A23-1A72-4392-A7A4-C34D16A91437}.Release|Win32.ActiveCfg = Release|Win32
		{5D386A23-1A72-4392-A7A4-C34D16A91437}.Release|Win32.Build.0 = Release|Win32
		{486D4170-7528-4A45-A62B-76750A38FB44}.Debug|Win32.ActiveCfg = Debug|Win32
		{486D4170-7528-4A45-A62B-76750A38FB44}.Debug|Win32.Build.0 = Debug|Win32
		{486D4170-7528-4A45-A62B-76750A38FB44}.Release|Win32.ActiveCfg = Release|Win32
		{486D4170-7528-4A45-A62B-76750A38FB44}.Release|Win32.Build.0 = Release|Win32
	EndGlobalSection
	GlobalSection(SolutionProperties) = preSolution
		HideSolutionNode = FALSE
	EndGlobalSection
EndGlobal
